
Microsoft Visual Studio Solution File, Format Version 12.00
# Visual Studio Version 17
VisualStudioVersion = 17.8.34322.80
MinimumVisualStudioVersion = 10.0.40219.1
Project("{FAE04EC0-301F-11D3-BF4B-00C04F79EFBC}") = "MemoryGame.Logic", "GameLogic\MemoryGame.Logic.csproj", "{EE4F252F-122D-4E72-B3D6-CC1C3C13A8D9}"
EndProject
Project("{FAE04EC0-301F-11D3-BF4B-00C04F79EFBC}") = "MemoryGame.UI", "UI\MemoryGame.UI.csproj", "{E1E5A362-62EC-4EFD-AA78-CA1C85982F24}"
EndProject
Global
	GlobalSection(SolutionConfigurationPlatforms) = preSolution
		Debug|Any CPU = Debug|Any CPU
		Release|Any CPU = Release|Any CPU
	EndGlobalSection
	GlobalSection(ProjectConfigurationPlatforms) = postSolution
		{EE4F252F-122D-4E72-B3D6-CC1C3C13A8D9}.Debug|Any CPU.ActiveCfg = Debug|Any CPU
		{EE4F252F-122D-4E72-B3D6-CC1C3C13A8D9}.Debug|Any CPU.Build.0 = Debug|Any CPU
		{EE4F252F-122D-4E72-B3D6-CC1C3C13A8D9}.Release|Any CPU.ActiveCfg = Release|Any CPU
		{EE4F252F-122D-4E72-B3D6-CC1C3C13A8D9}.Release|Any CPU.Build.0 = Release|Any CPU
		{E1E5A362-62EC-4EFD-AA78-CA1C85982F24}.Debug|Any CPU.ActiveCfg = Debug|Any CPU
		{E1E5A362-62EC-4EFD-AA78-CA1C85982F24}.Debug|Any CPU.Build.0 = Debug|Any CPU
		{E1E5A362-62EC-4EFD-AA78-CA1C85982F24}.Release|Any CPU.ActiveCfg = Release|Any CPU
		{E1E5A362-62EC-4EFD-AA78-CA1C85982F24}.Release|Any CPU.Build.0 = Release|Any CPU
	EndGlobalSection
	GlobalSection(SolutionProperties) = preSolution
		HideSolutionNode = FALSE
	EndGlobalSection
	GlobalSection(ExtensibilityGlobals) = postSolution
		SolutionGuid = {653FACAC-59A3-4BB6-95A7-F380CCA89674}
	EndGlobalSection
EndGlobal
